// !$*UTF8*$!
{
	archiveVersion = 1;
	classes = {
	};
	objectVersion = 46;
	objects = {

/* Begin PBXBuildFile section */
		71B1200F173EABC0000940E0 /* UIKit.framework in Frameworks */ = {isa = PBXBuildFile; fileRef = 71B1200E173EABC0000940E0 /* UIKit.framework */; };
		71B12011173EABC0000940E0 /* Foundation.framework in Frameworks */ = {isa = PBXBuildFile; fileRef = 71B12010173EABC0000940E0 /* Foundation.framework */; };
		71B12013173EABC0000940E0 /* CoreGraphics.framework in Frameworks */ = {isa = PBXBuildFile; fileRef = 71B12012173EABC0000940E0 /* CoreGraphics.framework */; };
		71B12019173EABC1000940E0 /* InfoPlist.strings in Resources */ = {isa = PBXBuildFile; fileRef = 71B12017173EABC1000940E0 /* InfoPlist.strings */; };
		71B1201B173EABC1000940E0 /* main.m in Sources */ = {isa = PBXBuildFile; fileRef = 71B1201A173EABC1000940E0 /* main.m */; };
		71B1201F173EABC1000940E0 /* AppDelegate.m in Sources */ = {isa = PBXBuildFile; fileRef = 71B1201E173EABC1000940E0 /* AppDelegate.m */; };
		71B12022173EABC1000940E0 /* MainStoryboard.storyboard in Resources */ = {isa = PBXBuildFile; fileRef = 71B12020173EABC1000940E0 /* MainStoryboard.storyboard */; };
		71B12025173EABC1000940E0 /* MasterViewController.m in Sources */ = {isa = PBXBuildFile; fileRef = 71B12024173EABC1000940E0 /* MasterViewController.m */; };
		71B12028173EABC1000940E0 /* DetailViewController.m in Sources */ = {isa = PBXBuildFile; fileRef = 71B12027173EABC1000940E0 /* DetailViewController.m */; };
/* End PBXBuildFile section */

/* Begin PBXFileReference section */
		71B1200A173EABC0000940E0 /* ScaryBugs.app */ = {isa = PBXFileReference; explicitFileType = wrapper.application; includeInIndex = 0; path = ScaryBugs.app; sourceTree = BUILT_PRODUCTS_DIR; };
		71B1200E173EABC0000940E0 /* UIKit.framework */ = {isa = PBXFileReference; lastKnownFileType = wrapper.framework; name = UIKit.framework; path = System/Library/Frameworks/UIKit.framework; sourceTree = SDKROOT; };
		71B12010173EABC0000940E0 /* Foundation.framework */ = {isa = PBXFileReference; lastKnownFileType = wrapper.framework; name = Foundation.framework; path = System/Library/Frameworks/Foundation.framework; sourceTree = SDKROOT; };
		71B12012173EABC0000940E0 /* CoreGraphics.framework */ = {isa = PBXFileReference; lastKnownFileType = wrapper.framework; name = CoreGraphics.framework; path = System/Library/Frameworks/CoreGraphics.framework; sourceTree = SDKROOT; };
		71B12016173EABC1000940E0 /* ScaryBugs-Info.plist */ = {isa = PBXFileReference; path = "ScaryBugs-Info.plist"; sourceTree = "<group>"; };
		71B12018173EABC1000940E0 /* en */ = {isa = PBXFileReference; lastKnownFileType = text.plist.strings; name = en; path = en.lproj/InfoPlist.strings; sourceTree = "<group>"; };
		71B1201A173EABC1000940E0 /* main.m */ = {isa = PBXFileReference; lastKnownFileType = sourcecode.c.objc; path = main.m; sourceTree = "<group>"; };
		71B1201C173EABC1000940E0 /* ScaryBugs-Prefix.pch */ = {isa = PBXFileReference; path = "ScaryBugs-Prefix.pch"; sourceTree = "<group>"; };
		71B1201D173EABC1000940E0 /* AppDelegate.h */ = {isa = PBXFileReference; path = AppDelegate.h; sourceTree = "<group>"; };
		71B1201E173EABC1000940E0 /* AppDelegate.m */ = {isa = PBXFileReference; lastKnownFileType = sourcecode.c.objc; path = AppDelegate.m; sourceTree = "<group>"; };
		71B12021173EABC1000940E0 /* en */ = {isa = PBXFileReference; lastKnownFileType = file.storyboard; name = en; path = en.lproj/MainStoryboard.storyboard; sourceTree = "<group>"; };
		71B12023173EABC1000940E0 /* MasterViewController.h */ = {isa = PBXFileReference; path = MasterViewController.h; sourceTree = "<group>"; };
		71B12024173EABC1000940E0 /* MasterViewController.m */ = {isa = PBXFileReference; lastKnownFileType = sourcecode.c.objc; path = MasterViewController.m; sourceTree = "<group>"; };
		71B12026173EABC1000940E0 /* DetailViewController.h */ = {isa = PBXFileReference; path = DetailViewController.h; sourceTree = "<group>"; };
		71B12027173EABC1000940E0 /* DetailViewController.m */ = {isa = PBXFileReference; lastKnownFileType = sourcecode.c.objc; path = DetailViewController.m; sourceTree = "<group>"; };
/* End PBXFileReference section */

/* Begin PBXFrameworksBuildPhase section */
		71B12007173EABC0000940E0 /* Frameworks */ = {
			isa = PBXFrameworksBuildPhase;
			buildActionMask = 2147483647;
			files = (
				71B1200F173EABC0000940E0 /* UIKit.framework in Frameworks */,
				71B12011173EABC0000940E0 /* Foundation.framework in Frameworks */,
				71B12013173EABC0000940E0 /* CoreGraphics.framework in Frameworks */,
			);
			runOnlyForDeploymentPostprocessing = 0;
		};
/* End PBXFrameworksBuildPhase section */

/* Begin PBXGroup section */
		71B11FFF173EABC0000940E0 = {
			isa = PBXGroup;
			children = (
				71B12014173EABC0000940E0 /* ScaryBugs */,
				71B1200D173EABC0000940E0 /* Frameworks */,
				71B1200B173EABC0000940E0 /* Products */,
			);
			sourceTree = "<group>";
		};
		71B1200B173EABC0000940E0 /* Products */ = {
			isa = PBXGroup;
			children = (
				71B1200A173EABC0000940E0 /* ScaryBugs.app */,
			);
			name = Products;
			sourceTree = "<group>";
		};
		71B1200D173EABC0000940E0 /* Frameworks */ = {
			isa = PBXGroup;
			children = (
				71B1200E173EABC0000940E0 /* UIKit.framework */,
				71B12010173EABC0000940E0 /* Foundation.framework */,
				71B12012173EABC0000940E0 /* CoreGraphics.framework */,
			);
			name = Frameworks;
			sourceTree = "<group>";
		};
		71B12014173EABC0000940E0 /* ScaryBugs */ = {
			isa = PBXGroup;
			children = (
				71B1201D173EABC1000940E0 /* AppDelegate.h */,
				71B1201E173EABC1000940E0 /* AppDelegate.m */,
				71B12020173EABC1000940E0 /* MainStoryboard.storyboard */,
				71B12023173EABC1000940E0 /* MasterViewController.h */,
				71B12024173EABC1000940E0 /* MasterViewController.m */,
				71B12026173EABC1000940E0 /* DetailViewController.h */,
				71B12027173EABC1000940E0 /* DetailViewController.m */,
				71B12015173EABC0000940E0 /* Supporting Files */,
			);
			path = ScaryBugs;
			sourceTree = "<group>";
		};
		71B12015173EABC0000940E0 /* Supporting Files */ = {
			isa = PBXGroup;
			children = (
				71B12016173EABC1000940E0 /* ScaryBugs-Info.plist */,
				71B12017173EABC1000940E0 /* InfoPlist.strings */,
				71B1201A173EABC1000940E0 /* main.m */,
				71B1201C173EABC1000940E0 /* ScaryBugs-Prefix.pch */,
			);
			name = "Supporting Files";
			sourceTree = "<group>";
		};
/* End PBXGroup section */

/* Begin PBXNativeTarget section */
		71B12009173EABC0000940E0 /* ScaryBugs */ = {
			isa = PBXNativeTarget;
			buildConfigurationList = 71B1202B173EABC1000940E0 /* Build configuration list for PBXNativeTarget "ScaryBugs" */;
			buildPhases = (
				71B12006173EABC0000940E0 /* Sources */,
				71B12007173EABC0000940E0 /* Frameworks */,
				71B12008173EABC0000940E0 /* Resources */,
			);
			buildRules = (
			);
			dependencies = (
			);
			name = ScaryBugs;
			productName = ScaryBugs;
			productReference = 71B1200A173EABC0000940E0 /* ScaryBugs.app */;
			productType = "com.apple.product-type.application";
		};
/* End PBXNativeTarget section */

/* Begin PBXProject section */
		71B12001173EABC0000940E0 /* Project object */ = {
			isa = PBXProject;
			attributes = {
				LastUpgradeCheck = 0420;
				ORGANIZATIONNAME = "ESI-SUPINFO";
			};
			buildConfigurationList = 71B12004173EABC0000940E0 /* Build configuration list for PBXProject "ScaryBugs" */;
			compatibilityVersion = "Xcode 3.2";
			developmentRegion = English;
			hasScannedForEncodings = 0;
			knownRegions = (
				en,
			);
			mainGroup = 71B11FFF173EABC0000940E0;
			productRefGroup = 71B1200B173EABC0000940E0 /* Products */;
			projectDirPath = "";
			projectRoot = "";
			targets = (
				71B12009173EABC0000940E0 /* ScaryBugs */,
			);
		};
/* End PBXProject section */

/* Begin PBXResourcesBuildPhase section */
		71B12008173EABC0000940E0 /* Resources */ = {
			isa = PBXResourcesBuildPhase;
			buildActionMask = 2147483647;
			files = (
				71B12019173EABC1000940E0 /* InfoPlist.strings in Resources */,
				71B12022173EABC1000940E0 /* MainStoryboard.storyboard in Resources */,
			);
			runOnlyForDeploymentPostprocessing = 0;
		};
/* End PBXResourcesBuildPhase section */

/* Begin PBXSourcesBuildPhase section */
		71B12006173EABC0000940E0 /* Sources */ = {
			isa = PBXSourcesBuildPhase;
			buildActionMask = 2147483647;
			files = (
				71B1201B173EABC1000940E0 /* main.m in Sources */,
				71B1201F173EABC1000940E0 /* AppDelegate.m in Sources */,
				71B12025173EABC1000940E0 /* MasterViewController.m in Sources */,
				71B12028173EABC1000940E0 /* DetailViewController.m in Sources */,
			);
			runOnlyForDeploymentPostprocessing = 0;
		};
/* End PBXSourcesBuildPhase section */

/* Begin PBXVariantGroup section */
		71B12017173EABC1000940E0 /* InfoPlist.strings */ = {
			isa = PBXVariantGroup;
			children = (
				71B12018173EABC1000940E0 /* en */,
			);
			name = InfoPlist.strings;
			sourceTree = "<group>";
		};
		71B12020173EABC1000940E0 /* MainStoryboard.storyboard */ = {
			isa = PBXVariantGroup;
			children = (
				71B12021173EABC1000940E0 /* en */,
			);
			name = MainStoryboard.storyboard;
			sourceTree = "<group>";
		};
/* End PBXVariantGroup section */

/* Begin XCBuildConfiguration section */
		71B12029173EABC1000940E0 /* Debug */ = {
			isa = XCBuildConfiguration;
			buildSettings = {
				ALWAYS_SEARCH_USER_PATHS = NO;
				ARCHS = "$(ARCHS_STANDARD_32_BIT)";
				CLANG_ENABLE_OBJC_ARC = YES;
				"CODE_SIGN_IDENTITY[sdk=iphoneos*]" = "iPhone Developer";
				COPY_PHASE_STRIP = NO;
				GCC_C_LANGUAGE_STANDARD = gnu99;
				GCC_DYNAMIC_NO_PIC = NO;
				GCC_OPTIMIZATION_LEVEL = 0;
				GCC_PREPROCESSOR_DEFINITIONS = (
					"DEBUG=1",
					"$(inherited)",
				);
				GCC_SYMBOLS_PRIVATE_EXTERN = NO;
				GCC_VERSION = com.apple.compilers.llvm.clang.1_0;
				GCC_WARN_ABOUT_MISSING_PROTOTYPES = YES;
				GCC_WARN_ABOUT_RETURN_TYPE = YES;
				GCC_WARN_UNUSED_VARIABLE = YES;
				IPHONEOS_DEPLOYMENT_TARGET = 5.0;
				SDKROOT = iphoneos;
			};
			name = Debug;
		};
		71B1202A173EABC1000940E0 /* Release */ = {
			isa = XCBuildConfiguration;
			buildSettings = {
				ALWAYS_SEARCH_USER_PATHS = NO;
				ARCHS = "$(ARCHS_STANDARD_32_BIT)";
				CLANG_ENABLE_OBJC_ARC = YES;
				"CODE_SIGN_IDENTITY[sdk=iphoneos*]" = "iPhone Developer";
				COPY_PHASE_STRIP = YES;
				GCC_C_LANGUAGE_STANDARD = gnu99;
				GCC_VERSION = com.apple.compilers.llvm.clang.1_0;
				GCC_WARN_ABOUT_MISSING_PROTOTYPES = YES;
				GCC_WARN_ABOUT_RETURN_TYPE = YES;
				GCC_WARN_UNUSED_VARIABLE = YES;
				IPHONEOS_DEPLOYMENT_TARGET = 5.0;
				OTHER_CFLAGS = "-DNS_BLOCK_ASSERTIONS=1";
				SDKROOT = iphoneos;
				VALIDATE_PRODUCT = YES;
			};
			name = Release;
		};
		71B1202C173EABC1000940E0 /* Debug */ = {
			isa = XCBuildConfiguration;
			buildSettings = {
				GCC_PRECOMPILE_PREFIX_HEADER = YES;
				GCC_PREFIX_HEADER = "ScaryBugs/ScaryBugs-Prefix.pch";
				INFOPLIST_FILE = "ScaryBugs/ScaryBugs-Info.plist";
				PRODUCT_NAME = "$(TARGET_NAME)";
				WRAPPER_EXTENSION = app;
			};
			name = Debug;
		};
		71B1202D173EABC1000940E0 /* Release */ = {
			isa = XCBuildConfiguration;
			buildSettings = {
				GCC_PRECOMPILE_PREFIX_HEADER = YES;
				GCC_PREFIX_HEADER = "ScaryBugs/ScaryBugs-Prefix.pch";
				INFOPLIST_FILE = "ScaryBugs/ScaryBugs-Info.plist";
				PRODUCT_NAME = "$(TARGET_NAME)";
				WRAPPER_EXTENSION = app;
			};
			name = Release;
		};
/* End XCBuildConfiguration section */

/* Begin XCConfigurationList section */
		71B12004173EABC0000940E0 /* Build configuration list for PBXProject "ScaryBugs" */ = {
			isa = XCConfigurationList;
			buildConfigurations = (
				71B12029173EABC1000940E0 /* Debug */,
				71B1202A173EABC1000940E0 /* Release */,
			);
			defaultConfigurationIsVisible = 0;
			defaultConfigurationName = Release;
		};
		71B1202B173EABC1000940E0 /* Build configuration list for PBXNativeTarget "ScaryBugs" */ = {
			isa = XCConfigurationList;
			buildConfigurations = (
				71B1202C173EABC1000940E0 /* Debug */,
				71B1202D173EABC1000940E0 /* Release */,
			);
			defaultConfigurationIsVisible = 0;
		};
/* End XCConfigurationList section */
	};
	rootObject = 71B12001173EABC0000940E0 /* Project object */;
}
